
Microsoft Visual Studio Solution File, Format Version 12.00
# Visual Studio Version 16
VisualStudioVersion = 16.0.30907.101
MinimumVisualStudioVersion = 10.0.40219.1
Project("{FAE04EC0-301F-11D3-BF4B-00C04F79EFBC}") = "ExamManagement", "ExamManagement\ExamManagement.csproj", "{692E9599-1936-42D1-8C34-DB6099CE6968}"
EndProject
Global
	GlobalSection(SolutionConfigurationPlatforms) = preSolution
		Debug|Any CPU = Debug|Any CPU
		Release|Any CPU = Release|Any CPU
	EndGlobalSection
	GlobalSection(ProjectConfigurationPlatforms) = postSolution
		{692E9599-1936-42D1-8C34-DB6099CE6968}.Debug|Any CPU.ActiveCfg = Debug|Any CPU
		{692E9599-1936-42D1-8C34-DB6099CE6968}.Debug|Any CPU.Build.0 = Debug|Any CPU
		{692E9599-1936-42D1-8C34-DB6099CE6968}.Release|Any CPU.ActiveCfg = Release|Any CPU
		{692E9599-1936-42D1-8C34-DB6099CE6968}.Release|Any CPU.Build.0 = Release|Any CPU
	EndGlobalSection
	GlobalSection(SolutionProperties) = preSolution
		HideSolutionNode = FALSE
	EndGlobalSection
	GlobalSection(ExtensibilityGlobals) = postSolution
		SolutionGuid = {D062C36C-8ADA-469A-B347-8690B87CEB87}
	EndGlobalSection
EndGlobal
